
Microsoft Visual Studio Solution File, Format Version 12.00
# Visual Studio 15
VisualStudioVersion = 15.0.28307.329
MinimumVisualStudioVersion = 10.0.40219.1
Project("{9A19103F-16F7-4668-BE54-9A1E7A4F7556}") = "RecipeApi.WebApi", "RecipeApi\RecipeApi.WebApi.csproj", "{B75A56EB-0CF5-4C06-B675-70C84C8F2811}"
EndProject
Project("{2150E333-8FDC-42A3-9474-1A3956D46DE8}") = "1 - Presentation", "1 - Presentation", "{F813F212-527A-47CD-87AC-7E23F1D1A5BF}"
EndProject
Project("{2150E333-8FDC-42A3-9474-1A3956D46DE8}") = "2 - Service", "2 - Service", "{7C0EDC16-1785-40BE-843D-88DC5AF287B2}"
EndProject
Project("{2150E333-8FDC-42A3-9474-1A3956D46DE8}") = "3 - Domain", "3 - Domain", "{EFCD3677-DF88-422F-9D8C-539C70E3E222}"
EndProject
Project("{9A19103F-16F7-4668-BE54-9A1E7A4F7556}") = "RecipeApi.Service", "RecipeApi.Service\RecipeApi.Service.csproj", "{00DD5F93-8AA5-48EB-B4BE-F79B31FE770F}"
EndProject
Project("{9A19103F-16F7-4668-BE54-9A1E7A4F7556}") = "RecipeApi.Domain", "RecipeApi.Domain\RecipeApi.Domain.csproj", "{00451F34-491D-444F-BD76-6F7F6781E064}"
EndProject
Project("{2150E333-8FDC-42A3-9474-1A3956D46DE8}") = "4 - Infra", "4 - Infra", "{6BB32D06-9826-44C6-807F-81288A999DF1}"
EndProject
Project("{2150E333-8FDC-42A3-9474-1A3956D46DE8}") = "5 - Tests", "5 - Tests", "{E6B985E3-D94C-4C76-B2F2-0981CE294BB6}"
EndProject
Project("{2150E333-8FDC-42A3-9474-1A3956D46DE8}") = "CrossCutting", "CrossCutting", "{F9F4927F-02E4-437E-A383-20660840C91E}"
EndProject
Project("{2150E333-8FDC-42A3-9474-1A3956D46DE8}") = "Data", "Data", "{1780C4D9-FA23-4874-8F6B-F2A7723C3947}"
EndProject
Project("{9A19103F-16F7-4668-BE54-9A1E7A4F7556}") = "RecipeApi.Infra.CrossCutting.IoC", "RecipeApi.CrossCutting.IoC\RecipeApi.Infra.CrossCutting.IoC.csproj", "{B2C122F2-52A4-4F5C-824E-6AA91E7A0FDA}"
EndProject
Project("{9A19103F-16F7-4668-BE54-9A1E7A4F7556}") = "RecipeApi.Infra.Data", "RecipeApi.Infra.Data\RecipeApi.Infra.Data.csproj", "{62871DF3-9F04-4D53-8435-874443F210D9}"
EndProject
Project("{9A19103F-16F7-4668-BE54-9A1E7A4F7556}") = "RecipeApi.Tests", "RecipeApi.Tests\RecipeApi.Tests.csproj", "{FFA6502F-422F-4C1D-99E5-BFD1FCAF34E6}"
EndProject
Project("{FAE04EC0-301F-11D3-BF4B-00C04F79EFBC}") = "RecipeApi.CrossCutting.Db", "RecipeApi.CrossCutting.Db\RecipeApi.CrossCutting.Db.csproj", "{148D8B1A-39C1-48B7-8675-5C33DE4C5294}"
EndProject
Global
	GlobalSection(SolutionConfigurationPlatforms) = preSolution
		Debug|Any CPU = Debug|Any CPU
		Release|Any CPU = Release|Any CPU
	EndGlobalSection
	GlobalSection(ProjectConfigurationPlatforms) = postSolution
		{B75A56EB-0CF5-4C06-B675-70C84C8F2811}.Debug|Any CPU.ActiveCfg = Debug|Any CPU
		{B75A56EB-0CF5-4C06-B675-70C84C8F2811}.Debug|Any CPU.Build.0 = Debug|Any CPU
		{B75A56EB-0CF5-4C06-B675-70C84C8F2811}.Release|Any CPU.ActiveCfg = Release|Any CPU
		{B75A56EB-0CF5-4C06-B675-70C84C8F2811}.Release|Any CPU.Build.0 = Release|Any CPU
		{00DD5F93-8AA5-48EB-B4BE-F79B31FE770F}.Debug|Any CPU.ActiveCfg = Debug|Any CPU
		{00DD5F93-8AA5-48EB-B4BE-F79B31FE770F}.Debug|Any CPU.Build.0 = Debug|Any CPU
		{00DD5F93-8AA5-48EB-B4BE-F79B31FE770F}.Release|Any CPU.ActiveCfg = Release|Any CPU
		{00DD5F93-8AA5-48EB-B4BE-F79B31FE770F}.Release|Any CPU.Build.0 = Release|Any CPU
		{00451F34-491D-444F-BD76-6F7F6781E064}.Debug|Any CPU.ActiveCfg = Debug|Any CPU
		{00451F34-491D-444F-BD76-6F7F6781E064}.Debug|Any CPU.Build.0 = Debug|Any CPU
		{00451F34-491D-444F-BD76-6F7F6781E064}.Release|Any CPU.ActiveCfg = Release|Any CPU
		{00451F34-491D-444F-BD76-6F7F6781E064}.Release|Any CPU.Build.0 = Release|Any CPU
		{B2C122F2-52A4-4F5C-824E-6AA91E7A0FDA}.Debug|Any CPU.ActiveCfg = Debug|Any CPU
		{B2C122F2-52A4-4F5C-824E-6AA91E7A0FDA}.Debug|Any CPU.Build.0 = Debug|Any CPU
		{B2C122F2-52A4-4F5C-824E-6AA91E7A0FDA}.Release|Any CPU.ActiveCfg = Release|Any CPU
		{B2C122F2-52A4-4F5C-824E-6AA91E7A0FDA}.Release|Any CPU.Build.0 = Release|Any CPU
		{62871DF3-9F04-4D53-8435-874443F210D9}.Debug|Any CPU.ActiveCfg = Debug|Any CPU
		{62871DF3-9F04-4D53-8435-874443F210D9}.Debug|Any CPU.Build.0 = Debug|Any CPU
		{62871DF3-9F04-4D53-8435-874443F210D9}.Release|Any CPU.ActiveCfg = Release|Any CPU
		{62871DF3-9F04-4D53-8435-874443F210D9}.Release|Any CPU.Build.0 = Release|Any CPU
		{FFA6502F-422F-4C1D-99E5-BFD1FCAF34E6}.Debug|Any CPU.ActiveCfg = Debug|Any CPU
		{FFA6502F-422F-4C1D-99E5-BFD1FCAF34E6}.Debug|Any CPU.Build.0 = Debug|Any CPU
		{FFA6502F-422F-4C1D-99E5-BFD1FCAF34E6}.Release|Any CPU.ActiveCfg = Release|Any CPU
		{FFA6502F-422F-4C1D-99E5-BFD1FCAF34E6}.Release|Any CPU.Build.0 = Release|Any CPU
		{148D8B1A-39C1-48B7-8675-5C33DE4C5294}.Debug|Any CPU.ActiveCfg = Debug|Any CPU
		{148D8B1A-39C1-48B7-8675-5C33DE4C5294}.Debug|Any CPU.Build.0 = Debug|Any CPU
		{148D8B1A-39C1-48B7-8675-5C33DE4C5294}.Release|Any CPU.ActiveCfg = Release|Any CPU
		{148D8B1A-39C1-48B7-8675-5C33DE4C5294}.Release|Any CPU.Build.0 = Release|Any CPU
	EndGlobalSection
	GlobalSection(SolutionProperties) = preSolution
		HideSolutionNode = FALSE
	EndGlobalSection
	GlobalSection(NestedProjects) = preSolution
		{B75A56EB-0CF5-4C06-B675-70C84C8F2811} = {F813F212-527A-47CD-87AC-7E23F1D1A5BF}
		{00DD5F93-8AA5-48EB-B4BE-F79B31FE770F} = {7C0EDC16-1785-40BE-843D-88DC5AF287B2}
		{00451F34-491D-444F-BD76-6F7F6781E064} = {EFCD3677-DF88-422F-9D8C-539C70E3E222}
		{F9F4927F-02E4-437E-A383-20660840C91E} = {6BB32D06-9826-44C6-807F-81288A999DF1}
		{1780C4D9-FA23-4874-8F6B-F2A7723C3947} = {6BB32D06-9826-44C6-807F-81288A999DF1}
		{B2C122F2-52A4-4F5C-824E-6AA91E7A0FDA} = {F9F4927F-02E4-437E-A383-20660840C91E}
		{62871DF3-9F04-4D53-8435-874443F210D9} = {1780C4D9-FA23-4874-8F6B-F2A7723C3947}
		{FFA6502F-422F-4C1D-99E5-BFD1FCAF34E6} = {E6B985E3-D94C-4C76-B2F2-0981CE294BB6}
		{148D8B1A-39C1-48B7-8675-5C33DE4C5294} = {F9F4927F-02E4-437E-A383-20660840C91E}
	EndGlobalSection
	GlobalSection(ExtensibilityGlobals) = postSolution
		SolutionGuid = {5512FEBE-0F88-49B7-9425-F49DFC8F30AF}
	EndGlobalSection
EndGlobal
